
Microsoft Visual Studio Solution File, Format Version 12.00
# Visual Studio Version 17
VisualStudioVersion = 17.5.33516.290
MinimumVisualStudioVersion = 10.0.40219.1
Project("{FAE04EC0-301F-11D3-BF4B-00C04F79EFBC}") = "HospitalManagementSystem", "HospitalManagementSystem\HospitalManagementSystem.csproj", "{77D79574-F6FE-4763-B75B-CD6F1B469C5A}"
EndProject
Global
	GlobalSection(SolutionConfigurationPlatforms) = preSolution
		Debug|Any CPU = Debug|Any CPU
		Release|Any CPU = Release|Any CPU
	EndGlobalSection
	GlobalSection(ProjectConfigurationPlatforms) = postSolution
		{77D79574-F6FE-4763-B75B-CD6F1B469C5A}.Debug|Any CPU.ActiveCfg = Debug|Any CPU
		{77D79574-F6FE-4763-B75B-CD6F1B469C5A}.Debug|Any CPU.Build.0 = Debug|Any CPU
		{77D79574-F6FE-4763-B75B-CD6F1B469C5A}.Release|Any CPU.ActiveCfg = Release|Any CPU
		{77D79574-F6FE-4763-B75B-CD6F1B469C5A}.Release|Any CPU.Build.0 = Release|Any CPU
	EndGlobalSection
	GlobalSection(SolutionProperties) = preSolution
		HideSolutionNode = FALSE
	EndGlobalSection
	GlobalSection(ExtensibilityGlobals) = postSolution
		SolutionGuid = {BA2B75BD-9CAE-4BA1-8F35-6C73C6AD4479}
	EndGlobalSection
EndGlobal
